{
    __meta__ = {
        version = "1.0"
    },
    ["windows|x64"] = {
        ["cmake#f56260b5"] = {
            repo = {
                branch = "master",
                commit = "48fb7595d4d87f5b1f650c51b8f1e25afb108b99",
                url = "https://gitlab.com/tboox/xmake-repo.git"
            },
            version = "4.2.0"
        },
        ["ninja#f56260b5"] = {
            repo = {
                branch = "master",
                commit = "48fb7595d4d87f5b1f650c51b8f1e25afb108b99",
                url = "https://gitlab.com/tboox/xmake-repo.git"
            },
            version = "1.13.2"
        },
        ["spdlog v1.16.0#09c8c173"] = {
            repo = {
                branch = "master",
                commit = "48fb7595d4d87f5b1f650c51b8f1e25afb108b99",
                url = "https://gitlab.com/tboox/xmake-repo.git"
            },
            version = "v1.16.0"
        }
    }
}