{
    __meta__ = {
        version = "1.0"
    },
    ["windows|x64"] = {
        ["cmake#31fecfc4"] = {
            repo = {
                branch = "master",
                commit = "30bf09689d5f65e9ea4e3904ceb675f8f04f0789",
                url = "https://gitlab.com/tboox/xmake-repo.git"
            },
            version = "3.30.0"
        },
        ["commonlib-shared 7c29a1e16b4ee5d5ee06f706590b28099b7a5a59#0defcfe0"] = {
            repo = {
                commit = "47eca6ffcb79208b9f757df369b2ddad322aac16",
                url = "https://github.com/libxse/libxse-xrepo"
            },
            version = "7c29a1e16b4ee5d5ee06f706590b28099b7a5a59"
        },
        ["glfw#31fecfc4"] = {
            repo = {
                branch = "master",
                commit = "aa3c25a943b3e31c3515e7636b962f8a2c830c61",
                url = "https://github.com/xmake-io/xmake-repo.git"
            },
            version = "3.4"
        },
        ["opengl#31fecfc4"] = {
            repo = {
                branch = "master",
                commit = "aa3c25a943b3e31c3515e7636b962f8a2c830c61",
                url = "https://github.com/xmake-io/xmake-repo.git"
            },
            version = "latest"
        },
        ["spdlog#9c36f0a9"] = {
            repo = {
                branch = "master",
                commit = "cd9fb2e9de016f71a3c28e60fa422e0e42131d04",
                url = "https://github.com/xmake-io/xmake-repo.git"
            },
            version = "v1.15.3"
        }
    }
}