{
    __meta__ = {
        version = "1.0"
    },
    ["windows|x64"] = {
        ["cmake#f56260b5"] = {
            repo = {
                branch = "master",
                commit = "48fb7595d4d87f5b1f650c51b8f1e25afb108b99",
                url = "https://gitlab.com/tboox/xmake-repo.git"
            },
            version = "4.2.0"
        },
        ["glfw#f56260b5"] = {
            repo = {
                branch = "master",
                commit = "48fb7595d4d87f5b1f650c51b8f1e25afb108b99",
                url = "https://gitlab.com/tboox/xmake-repo.git"
            },
            version = "3.4"
        },
        ["libflac#f56260b5"] = {
            repo = {
                branch = "master",
                commit = "48fb7595d4d87f5b1f650c51b8f1e25afb108b99",
                url = "https://gitlab.com/tboox/xmake-repo.git"
            },
            version = "1.5.0"
        },
        ["libogg#f56260b5"] = {
            repo = {
                branch = "master",
                commit = "48fb7595d4d87f5b1f650c51b8f1e25afb108b99",
                url = "https://gitlab.com/tboox/xmake-repo.git"
            },
            version = "v1.3.6"
        },
        ["libvorbis#f56260b5"] = {
            repo = {
                branch = "master",
                commit = "48fb7595d4d87f5b1f650c51b8f1e25afb108b99",
                url = "https://gitlab.com/tboox/xmake-repo.git"
            },
            version = "1.3.7"
        },
        ["ninja#f56260b5"] = {
            repo = {
                branch = "master",
                commit = "48fb7595d4d87f5b1f650c51b8f1e25afb108b99",
                url = "https://gitlab.com/tboox/xmake-repo.git"
            },
            version = "1.13.2"
        },
        ["opengl#f56260b5"] = {
            repo = {
                branch = "master",
                commit = "48fb7595d4d87f5b1f650c51b8f1e25afb108b99",
                url = "https://gitlab.com/tboox/xmake-repo.git"
            },
            version = "latest"
        },
        ["sfml#f835dc9f"] = {
            repo = {
                branch = "master",
                commit = "48fb7595d4d87f5b1f650c51b8f1e25afb108b99",
                url = "https://gitlab.com/tboox/xmake-repo.git"
            },
            version = "3.0.1"
        },
        ["spdlog v1.16.0#09c8c173"] = {
            repo = {
                branch = "master",
                commit = "48fb7595d4d87f5b1f650c51b8f1e25afb108b99",
                url = "https://gitlab.com/tboox/xmake-repo.git"
            },
            version = "v1.16.0"
        }
    }
}