{
    __meta__ = {
        version = "1.0"
    },
    ["windows|x64"] = {
        ["cmake#31fecfc4"] = {
            repo = {
                branch = "master",
                commit = "30bf09689d5f65e9ea4e3904ceb675f8f04f0789",
                url = "https://gitlab.com/tboox/xmake-repo.git"
            },
            version = "3.30.0"
        },
        ["glfw#31fecfc4"] = {
            repo = {
                branch = "master",
                commit = "aa3c25a943b3e31c3515e7636b962f8a2c830c61",
                url = "https://github.com/xmake-io/xmake-repo.git"
            },
            version = "3.4"
        },
        ["libflac#31fecfc4"] = {
            repo = {
                branch = "master",
                commit = "57dcc98f226854e315f694eb12bdb0387d96a215",
                url = "https://gitlab.com/tboox/xmake-repo.git"
            },
            version = "1.5.0"
        },
        ["libogg#31fecfc4"] = {
            repo = {
                branch = "master",
                commit = "57dcc98f226854e315f694eb12bdb0387d96a215",
                url = "https://gitlab.com/tboox/xmake-repo.git"
            },
            version = "v1.3.5"
        },
        ["libvorbis#31fecfc4"] = {
            repo = {
                branch = "master",
                commit = "57dcc98f226854e315f694eb12bdb0387d96a215",
                url = "https://gitlab.com/tboox/xmake-repo.git"
            },
            version = "1.3.7"
        },
        ["opengl#31fecfc4"] = {
            repo = {
                branch = "master",
                commit = "aa3c25a943b3e31c3515e7636b962f8a2c830c61",
                url = "https://github.com/xmake-io/xmake-repo.git"
            },
            version = "latest"
        },
        ["sfml#334b5034"] = {
            repo = {
                branch = "master",
                commit = "57dcc98f226854e315f694eb12bdb0387d96a215",
                url = "https://gitlab.com/tboox/xmake-repo.git"
            },
            version = "3.0.1"
        },
        ["spdlog#9c36f0a9"] = {
            repo = {
                branch = "master",
                commit = "cd9fb2e9de016f71a3c28e60fa422e0e42131d04",
                url = "https://github.com/xmake-io/xmake-repo.git"
            },
            version = "v1.15.3"
        }
    }
}