{
    __meta__ = {
        version = "1.0"
    },
    ["windows|x64"] = {
        ["cmake#31fecfc4"] = {
            repo = {
                branch = "master",
                commit = "30bf09689d5f65e9ea4e3904ceb675f8f04f0789",
                url = "https://gitlab.com/tboox/xmake-repo.git"
            },
            version = "3.30.0"
        },
        ["commonlib-shared 51af9b3adfdd81a3058a39f8356749473880b937#0defcfe0"] = {
            repo = {
                commit = "47eca6ffcb79208b9f757df369b2ddad322aac16",
                url = "https://github.com/libxse/libxse-xrepo"
            },
            version = "51af9b3adfdd81a3058a39f8356749473880b937"
        },
        ["simpleini#31fecfc4"] = {
            repo = {
                branch = "master",
                commit = "f55efdae6e9635fabf43e59743bd094eee26bf52",
                url = "https://github.com/xmake-io/xmake-repo.git"
            },
            version = "v4.22"
        },
        ["spdlog#9c36f0a9"] = {
            repo = {
                branch = "master",
                commit = "cd9fb2e9de016f71a3c28e60fa422e0e42131d04",
                url = "https://github.com/xmake-io/xmake-repo.git"
            },
            version = "v1.15.3"
        }
    }
}