{
    __meta__ = {
        version = "1.0"
    },
    ["windows|x64"] = {
        ["cmake#31fecfc4"] = {
            repo = {
                branch = "master",
                commit = "30bf09689d5f65e9ea4e3904ceb675f8f04f0789",
                url = "https://gitlab.com/tboox/xmake-repo.git"
            },
            version = "3.30.0"
        },
        ["commonlib-shared 89a16825b7cf15be2243686ba349d0d0914bb605#0defcfe0"] = {
            repo = {
                commit = "47eca6ffcb79208b9f757df369b2ddad322aac16",
                url = "https://github.com/libxse/libxse-xrepo"
            },
            version = "89a16825b7cf15be2243686ba349d0d0914bb605"
        },
        ["spdlog#9c36f0a9"] = {
            repo = {
                branch = "master",
                commit = "cd9fb2e9de016f71a3c28e60fa422e0e42131d04",
                url = "https://github.com/xmake-io/xmake-repo.git"
            },
            version = "v1.15.3"
        },
        ["toml++#31fecfc4"] = {
            repo = {
                branch = "master",
                commit = "39d41c8c0f38a95cadd67e0b085a889a79a799a7",
                url = "https://github.com/xmake-io/xmake-repo.git"
            },
            version = "v3.4.0"
        }
    }
}